// !$*UTF8*$!
{
	archiveVersion = 1;
	classes = {
	};
	objectVersion = 48;
	objects = {

/* Begin PBXBuildFile section */
		28AB9A5E20854CC400F8F023 /* AppDelegate.swift in Sources */ = {isa = PBXBuildFile; fileRef = 28AB9A5D20854CC400F8F023 /* AppDelegate.swift */; };
		28AB9A6020854CC400F8F023 /* ViewController.swift in Sources */ = {isa = PBXBuildFile; fileRef = 28AB9A5F20854CC400F8F023 /* ViewController.swift */; };
		28AB9A6320854CC400F8F023 /* Main.storyboard in Resources */ = {isa = PBXBuildFile; fileRef = 28AB9A6120854CC400F8F023 /* Main.storyboard */; };
		28AB9A6520854CC400F8F023 /* Assets.xcassets in Resources */ = {isa = PBXBuildFile; fileRef = 28AB9A6420854CC400F8F023 /* Assets.xcassets */; };
		28AB9A6820854CC400F8F023 /* LaunchScreen.storyboard in Resources */ = {isa = PBXBuildFile; fileRef = 28AB9A6620854CC400F8F023 /* LaunchScreen.storyboard */; };
		28AB9A7320854CC400F8F023 /* RottenProfessorsTests.swift in Sources */ = {isa = PBXBuildFile; fileRef = 28AB9A7220854CC400F8F023 /* RottenProfessorsTests.swift */; };
		28AB9A7E20854CC400F8F023 /* RottenProfessorsUITests.swift in Sources */ = {isa = PBXBuildFile; fileRef = 28AB9A7D20854CC400F8F023 /* RottenProfessorsUITests.swift */; };
		BEFCB706783EE5614A47F015 /* Pods_RottenProfessors.framework in Frameworks */ = {isa = PBXBuildFile; fileRef = AD31A45C8F6703396EC0975D /* Pods_RottenProfessors.framework */; };
		C442E8AA209830270017E311 /* ViewReviewViewController.swift in Sources */ = {isa = PBXBuildFile; fileRef = C442E8A9209830270017E311 /* ViewReviewViewController.swift */; };
		C442E8AC209831350017E311 /* ReviewTableViewCell.swift in Sources */ = {isa = PBXBuildFile; fileRef = C442E8AB209831350017E311 /* ReviewTableViewCell.swift */; };
		C450BAF920882F8600AB2B30 /* DisplayProfessorsViewController.swift in Sources */ = {isa = PBXBuildFile; fileRef = C450BAF820882F8600AB2B30 /* DisplayProfessorsViewController.swift */; };
		C450BAFB2088321400AB2B30 /* DisplayProfessorsCollectionViewCell.swift in Sources */ = {isa = PBXBuildFile; fileRef = C450BAFA2088321400AB2B30 /* DisplayProfessorsCollectionViewCell.swift */; };
		C4659F3D20955BD9001F6BFE /* WriteReviewViewController.swift in Sources */ = {isa = PBXBuildFile; fileRef = C4659F3C20955BD9001F6BFE /* WriteReviewViewController.swift */; };
		C483A2BF2087EB5700B9CB6A /* LogInViewController.swift in Sources */ = {isa = PBXBuildFile; fileRef = C483A2BE2087EB5700B9CB6A /* LogInViewController.swift */; };
		C483A2C12087EBE100B9CB6A /* SignUpViewController.swift in Sources */ = {isa = PBXBuildFile; fileRef = C483A2C02087EBE100B9CB6A /* SignUpViewController.swift */; };
		C483A2C32087EDE300B9CB6A /* Constants.swift in Sources */ = {isa = PBXBuildFile; fileRef = C483A2C22087EDE300B9CB6A /* Constants.swift */; };
		C483A2C52088228A00B9CB6A /* DisplayRatingsViewController.swift in Sources */ = {isa = PBXBuildFile; fileRef = C483A2C42088228A00B9CB6A /* DisplayRatingsViewController.swift */; };
		C4BF78272091760F00D210C2 /* GoogleService-Info.plist in Resources */ = {isa = PBXBuildFile; fileRef = C4BF78262091760F00D210C2 /* GoogleService-Info.plist */; };
		E6743A8687FB1F54C98A7BB8 /* Pods_RottenProfessorsUITests.framework in Frameworks */ = {isa = PBXBuildFile; fileRef = 7D4945BAC90902A7449C8E3E /* Pods_RottenProfessorsUITests.framework */; };
		FD18CD13186D6DBA9FB8F4E3 /* Pods_RottenProfessorsTests.framework in Frameworks */ = {isa = PBXBuildFile; fileRef = F1477A262A5EAF7B94D3C496 /* Pods_RottenProfessorsTests.framework */; };
/* End PBXBuildFile section */

/* Begin PBXContainerItemProxy section */
		28AB9A6F20854CC400F8F023 /* PBXContainerItemProxy */ = {
			isa = PBXContainerItemProxy;
			containerPortal = 28AB9A5220854CC400F8F023 /* Project object */;
			proxyType = 1;
			remoteGlobalIDString = 28AB9A5920854CC400F8F023;
			remoteInfo = RottenProfessors;
		};
		28AB9A7A20854CC400F8F023 /* PBXContainerItemProxy */ = {
			isa = PBXContainerItemProxy;
			containerPortal = 28AB9A5220854CC400F8F023 /* Project object */;
			proxyType = 1;
			remoteGlobalIDString = 28AB9A5920854CC400F8F023;
			remoteInfo = RottenProfessors;
		};
/* End PBXContainerItemProxy section */

/* Begin PBXFileReference section */
		1A58268449098DE155682206 /* Pods-RottenProfessorsTests.debug.xcconfig */ = {isa = PBXFileReference; includeInIndex = 1; lastKnownFileType = text.xcconfig; name = "Pods-RottenProfessorsTests.debug.xcconfig"; path = "Pods/Target Support Files/Pods-RottenProfessorsTests/Pods-RottenProfessorsTests.debug.xcconfig"; sourceTree = "<group>"; };
		28AB9A5A20854CC400F8F023 /* RottenProfessors.app */ = {isa = PBXFileReference; explicitFileType = wrapper.application; includeInIndex = 0; path = RottenProfessors.app; sourceTree = BUILT_PRODUCTS_DIR; };
		28AB9A5D20854CC400F8F023 /* AppDelegate.swift */ = {isa = PBXFileReference; lastKnownFileType = sourcecode.swift; path = AppDelegate.swift; sourceTree = "<group>"; };
		28AB9A5F20854CC400F8F023 /* ViewController.swift */ = {isa = PBXFileReference; lastKnownFileType = sourcecode.swift; path = ViewController.swift; sourceTree = "<group>"; };
		28AB9A6220854CC400F8F023 /* Base */ = {isa = PBXFileReference; lastKnownFileType = file.storyboard; name = Base; path = Base.lproj/Main.storyboard; sourceTree = "<group>"; };
		28AB9A6420854CC400F8F023 /* Assets.xcassets */ = {isa = PBXFileReference; lastKnownFileType = folder.assetcatalog; path = Assets.xcassets; sourceTree = "<group>"; };
		28AB9A6720854CC400F8F023 /* Base */ = {isa = PBXFileReference; lastKnownFileType = file.storyboard; name = Base; path = Base.lproj/LaunchScreen.storyboard; sourceTree = "<group>"; };
		28AB9A6920854CC400F8F023 /* Info.plist */ = {isa = PBXFileReference; lastKnownFileType = text.plist.xml; path = Info.plist; sourceTree = "<group>"; };
		28AB9A6E20854CC400F8F023 /* RottenProfessorsTests.xctest */ = {isa = PBXFileReference; explicitFileType = wrapper.cfbundle; includeInIndex = 0; path = RottenProfessorsTests.xctest; sourceTree = BUILT_PRODUCTS_DIR; };
		28AB9A7220854CC400F8F023 /* RottenProfessorsTests.swift */ = {isa = PBXFileReference; lastKnownFileType = sourcecode.swift; path = RottenProfessorsTests.swift; sourceTree = "<group>"; };
		28AB9A7420854CC400F8F023 /* Info.plist */ = {isa = PBXFileReference; lastKnownFileType = text.plist.xml; path = Info.plist; sourceTree = "<group>"; };
		28AB9A7920854CC400F8F023 /* RottenProfessorsUITests.xctest */ = {isa = PBXFileReference; explicitFileType = wrapper.cfbundle; includeInIndex = 0; path = RottenProfessorsUITests.xctest; sourceTree = BUILT_PRODUCTS_DIR; };
		28AB9A7D20854CC400F8F023 /* RottenProfessorsUITests.swift */ = {isa = PBXFileReference; lastKnownFileType = sourcecode.swift; path = RottenProfessorsUITests.swift; sourceTree = "<group>"; };
		28AB9A7F20854CC400F8F023 /* Info.plist */ = {isa = PBXFileReference; lastKnownFileType = text.plist.xml; path = Info.plist; sourceTree = "<group>"; };
		614D14A2279C6901D0B76E6D /* Pods-RottenProfessorsTests.release.xcconfig */ = {isa = PBXFileReference; includeInIndex = 1; lastKnownFileType = text.xcconfig; name = "Pods-RottenProfessorsTests.release.xcconfig"; path = "Pods/Target Support Files/Pods-RottenProfessorsTests/Pods-RottenProfessorsTests.release.xcconfig"; sourceTree = "<group>"; };
		6812152A057BFBCCB787DA8F /* Pods-RottenProfessorsUITests.debug.xcconfig */ = {isa = PBXFileReference; includeInIndex = 1; lastKnownFileType = text.xcconfig; name = "Pods-RottenProfessorsUITests.debug.xcconfig"; path = "Pods/Target Support Files/Pods-RottenProfessorsUITests/Pods-RottenProfessorsUITests.debug.xcconfig"; sourceTree = "<group>"; };
		6D7A20A65F1FF423FB7F6894 /* Pods-RottenProfessors.release.xcconfig */ = {isa = PBXFileReference; includeInIndex = 1; lastKnownFileType = text.xcconfig; name = "Pods-RottenProfessors.release.xcconfig"; path = "Pods/Target Support Files/Pods-RottenProfessors/Pods-RottenProfessors.release.xcconfig"; sourceTree = "<group>"; };
		7D4945BAC90902A7449C8E3E /* Pods_RottenProfessorsUITests.framework */ = {isa = PBXFileReference; explicitFileType = wrapper.framework; includeInIndex = 0; path = Pods_RottenProfessorsUITests.framework; sourceTree = BUILT_PRODUCTS_DIR; };
		AD31A45C8F6703396EC0975D /* Pods_RottenProfessors.framework */ = {isa = PBXFileReference; explicitFileType = wrapper.framework; includeInIndex = 0; path = Pods_RottenProfessors.framework; sourceTree = BUILT_PRODUCTS_DIR; };
		C442E8A9209830270017E311 /* ViewReviewViewController.swift */ = {isa = PBXFileReference; lastKnownFileType = sourcecode.swift; path = ViewReviewViewController.swift; sourceTree = "<group>"; };
		C442E8AB209831350017E311 /* ReviewTableViewCell.swift */ = {isa = PBXFileReference; lastKnownFileType = sourcecode.swift; path = ReviewTableViewCell.swift; sourceTree = "<group>"; };
		C450BAF820882F8600AB2B30 /* DisplayProfessorsViewController.swift */ = {isa = PBXFileReference; lastKnownFileType = sourcecode.swift; path = DisplayProfessorsViewController.swift; sourceTree = "<group>"; };
		C450BAFA2088321400AB2B30 /* DisplayProfessorsCollectionViewCell.swift */ = {isa = PBXFileReference; lastKnownFileType = sourcecode.swift; path = DisplayProfessorsCollectionViewCell.swift; sourceTree = "<group>"; };
		C4659F3C20955BD9001F6BFE /* WriteReviewViewController.swift */ = {isa = PBXFileReference; lastKnownFileType = sourcecode.swift; path = WriteReviewViewController.swift; sourceTree = "<group>"; };
		C483A2BE2087EB5700B9CB6A /* LogInViewController.swift */ = {isa = PBXFileReference; lastKnownFileType = sourcecode.swift; path = LogInViewController.swift; sourceTree = "<group>"; };
		C483A2C02087EBE100B9CB6A /* SignUpViewController.swift */ = {isa = PBXFileReference; lastKnownFileType = sourcecode.swift; path = SignUpViewController.swift; sourceTree = "<group>"; };
		C483A2C22087EDE300B9CB6A /* Constants.swift */ = {isa = PBXFileReference; lastKnownFileType = sourcecode.swift; path = Constants.swift; sourceTree = "<group>"; };
		C483A2C42088228A00B9CB6A /* DisplayRatingsViewController.swift */ = {isa = PBXFileReference; lastKnownFileType = sourcecode.swift; path = DisplayRatingsViewController.swift; sourceTree = "<group>"; };
		C4BF78262091760F00D210C2 /* GoogleService-Info.plist */ = {isa = PBXFileReference; fileEncoding = 4; lastKnownFileType = text.plist.xml; path = "GoogleService-Info.plist"; sourceTree = "<group>"; };
		CF92F493D3A8BD16DEE3B7EE /* Pods-RottenProfessors.debug.xcconfig */ = {isa = PBXFileReference; includeInIndex = 1; lastKnownFileType = text.xcconfig; name = "Pods-RottenProfessors.debug.xcconfig"; path = "Pods/Target Support Files/Pods-RottenProfessors/Pods-RottenProfessors.debug.xcconfig"; sourceTree = "<group>"; };
		D228854DDC033993AF8A9567 /* Pods-RottenProfessorsUITests.release.xcconfig */ = {isa = PBXFileReference; includeInIndex = 1; lastKnownFileType = text.xcconfig; name = "Pods-RottenProfessorsUITests.release.xcconfig"; path = "Pods/Target Support Files/Pods-RottenProfessorsUITests/Pods-RottenProfessorsUITests.release.xcconfig"; sourceTree = "<group>"; };
		F1477A262A5EAF7B94D3C496 /* Pods_RottenProfessorsTests.framework */ = {isa = PBXFileReference; explicitFileType = wrapper.framework; includeInIndex = 0; path = Pods_RottenProfessorsTests.framework; sourceTree = BUILT_PRODUCTS_DIR; };
/* End PBXFileReference section */

/* Begin PBXFrameworksBuildPhase section */
		28AB9A5720854CC400F8F023 /* Frameworks */ = {
			isa = PBXFrameworksBuildPhase;
			buildActionMask = 2147483647;
			files = (
				BEFCB706783EE5614A47F015 /* Pods_RottenProfessors.framework in Frameworks */,
			);
			runOnlyForDeploymentPostprocessing = 0;
		};
		28AB9A6B20854CC400F8F023 /* Frameworks */ = {
			isa = PBXFrameworksBuildPhase;
			buildActionMask = 2147483647;
			files = (
				FD18CD13186D6DBA9FB8F4E3 /* Pods_RottenProfessorsTests.framework in Frameworks */,
			);
			runOnlyForDeploymentPostprocessing = 0;
		};
		28AB9A7620854CC400F8F023 /* Frameworks */ = {
			isa = PBXFrameworksBuildPhase;
			buildActionMask = 2147483647;
			files = (
				E6743A8687FB1F54C98A7BB8 /* Pods_RottenProfessorsUITests.framework in Frameworks */,
			);
			runOnlyForDeploymentPostprocessing = 0;
		};
/* End PBXFrameworksBuildPhase section */

/* Begin PBXGroup section */
		28AB9A5120854CC400F8F023 = {
			isa = PBXGroup;
			children = (
				28AB9A5C20854CC400F8F023 /* RottenProfessors */,
				28AB9A7120854CC400F8F023 /* RottenProfessorsTests */,
				28AB9A7C20854CC400F8F023 /* RottenProfessorsUITests */,
				28AB9A5B20854CC400F8F023 /* Products */,
				F5C2EFA33C330ABE4EBAD9D8 /* Pods */,
				CDC3A1080617C3AC7D0214EB /* Frameworks */,
			);
			sourceTree = "<group>";
		};
		28AB9A5B20854CC400F8F023 /* Products */ = {
			isa = PBXGroup;
			children = (
				28AB9A5A20854CC400F8F023 /* RottenProfessors.app */,
				28AB9A6E20854CC400F8F023 /* RottenProfessorsTests.xctest */,
				28AB9A7920854CC400F8F023 /* RottenProfessorsUITests.xctest */,
			);
			name = Products;
			sourceTree = "<group>";
		};
		28AB9A5C20854CC400F8F023 /* RottenProfessors */ = {
			isa = PBXGroup;
			children = (
				C4BF78262091760F00D210C2 /* GoogleService-Info.plist */,
				28AB9A5D20854CC400F8F023 /* AppDelegate.swift */,
				28AB9A5F20854CC400F8F023 /* ViewController.swift */,
				28AB9A6120854CC400F8F023 /* Main.storyboard */,
				C442E8A9209830270017E311 /* ViewReviewViewController.swift */,
				C442E8AB209831350017E311 /* ReviewTableViewCell.swift */,
				C4659F3C20955BD9001F6BFE /* WriteReviewViewController.swift */,
				C450BAF820882F8600AB2B30 /* DisplayProfessorsViewController.swift */,
				C450BAFA2088321400AB2B30 /* DisplayProfessorsCollectionViewCell.swift */,
				C483A2C42088228A00B9CB6A /* DisplayRatingsViewController.swift */,
				C483A2C22087EDE300B9CB6A /* Constants.swift */,
				C483A2BE2087EB5700B9CB6A /* LogInViewController.swift */,
				C483A2C02087EBE100B9CB6A /* SignUpViewController.swift */,
				28AB9A6420854CC400F8F023 /* Assets.xcassets */,
				28AB9A6620854CC400F8F023 /* LaunchScreen.storyboard */,
				28AB9A6920854CC400F8F023 /* Info.plist */,
			);
			path = RottenProfessors;
			sourceTree = "<group>";
		};
		28AB9A7120854CC400F8F023 /* RottenProfessorsTests */ = {
			isa = PBXGroup;
			children = (
				28AB9A7220854CC400F8F023 /* RottenProfessorsTests.swift */,
				28AB9A7420854CC400F8F023 /* Info.plist */,
			);
			path = RottenProfessorsTests;
			sourceTree = "<group>";
		};
		28AB9A7C20854CC400F8F023 /* RottenProfessorsUITests */ = {
			isa = PBXGroup;
			children = (
				28AB9A7D20854CC400F8F023 /* RottenProfessorsUITests.swift */,
				28AB9A7F20854CC400F8F023 /* Info.plist */,
			);
			path = RottenProfessorsUITests;
			sourceTree = "<group>";
		};
		CDC3A1080617C3AC7D0214EB /* Frameworks */ = {
			isa = PBXGroup;
			children = (
				AD31A45C8F6703396EC0975D /* Pods_RottenProfessors.framework */,
				F1477A262A5EAF7B94D3C496 /* Pods_RottenProfessorsTests.framework */,
				7D4945BAC90902A7449C8E3E /* Pods_RottenProfessorsUITests.framework */,
			);
			name = Frameworks;
			sourceTree = "<group>";
		};
		F5C2EFA33C330ABE4EBAD9D8 /* Pods */ = {
			isa = PBXGroup;
			children = (
				CF92F493D3A8BD16DEE3B7EE /* Pods-RottenProfessors.debug.xcconfig */,
				6D7A20A65F1FF423FB7F6894 /* Pods-RottenProfessors.release.xcconfig */,
				1A58268449098DE155682206 /* Pods-RottenProfessorsTests.debug.xcconfig */,
				614D14A2279C6901D0B76E6D /* Pods-RottenProfessorsTests.release.xcconfig */,
				6812152A057BFBCCB787DA8F /* Pods-RottenProfessorsUITests.debug.xcconfig */,
				D228854DDC033993AF8A9567 /* Pods-RottenProfessorsUITests.release.xcconfig */,
			);
			name = Pods;
			sourceTree = "<group>";
		};
/* End PBXGroup section */

/* Begin PBXNativeTarget section */
		28AB9A5920854CC400F8F023 /* RottenProfessors */ = {
			isa = PBXNativeTarget;
			buildConfigurationList = 28AB9A8220854CC400F8F023 /* Build configuration list for PBXNativeTarget "RottenProfessors" */;
			buildPhases = (
				0BC0CCAC7CBCC9351995E881 /* [CP] Check Pods Manifest.lock */,
				28AB9A5620854CC400F8F023 /* Sources */,
				28AB9A5720854CC400F8F023 /* Frameworks */,
				28AB9A5820854CC400F8F023 /* Resources */,
				FBDF240CEC2284C3DAAA9DE5 /* [CP] Embed Pods Frameworks */,
			);
			buildRules = (
			);
			dependencies = (
			);
			name = RottenProfessors;
			productName = RottenProfessors;
			productReference = 28AB9A5A20854CC400F8F023 /* RottenProfessors.app */;
			productType = "com.apple.product-type.application";
		};
		28AB9A6D20854CC400F8F023 /* RottenProfessorsTests */ = {
			isa = PBXNativeTarget;
			buildConfigurationList = 28AB9A8520854CC400F8F023 /* Build configuration list for PBXNativeTarget "RottenProfessorsTests" */;
			buildPhases = (
				EFDA58876D8376F61CC2A403 /* [CP] Check Pods Manifest.lock */,
				28AB9A6A20854CC400F8F023 /* Sources */,
				28AB9A6B20854CC400F8F023 /* Frameworks */,
				28AB9A6C20854CC400F8F023 /* Resources */,
			);
			buildRules = (
			);
			dependencies = (
				28AB9A7020854CC400F8F023 /* PBXTargetDependency */,
			);
			name = RottenProfessorsTests;
			productName = RottenProfessorsTests;
			productReference = 28AB9A6E20854CC400F8F023 /* RottenProfessorsTests.xctest */;
			productType = "com.apple.product-type.bundle.unit-test";
		};
		28AB9A7820854CC400F8F023 /* RottenProfessorsUITests */ = {
			isa = PBXNativeTarget;
			buildConfigurationList = 28AB9A8820854CC400F8F023 /* Build configuration list for PBXNativeTarget "RottenProfessorsUITests" */;
			buildPhases = (
				37AFD4D6537FE0118BBDB422 /* [CP] Check Pods Manifest.lock */,
				28AB9A7520854CC400F8F023 /* Sources */,
				28AB9A7620854CC400F8F023 /* Frameworks */,
				28AB9A7720854CC400F8F023 /* Resources */,
			);
			buildRules = (
			);
			dependencies = (
				28AB9A7B20854CC400F8F023 /* PBXTargetDependency */,
			);
			name = RottenProfessorsUITests;
			productName = RottenProfessorsUITests;
			productReference = 28AB9A7920854CC400F8F023 /* RottenProfessorsUITests.xctest */;
			productType = "com.apple.product-type.bundle.ui-testing";
		};
/* End PBXNativeTarget section */

/* Begin PBXProject section */
		28AB9A5220854CC400F8F023 /* Project object */ = {
			isa = PBXProject;
			attributes = {
				LastSwiftUpdateCheck = 0920;
				LastUpgradeCheck = 0920;
				ORGANIZATIONNAME = "IOS Decal";
				TargetAttributes = {
					28AB9A5920854CC400F8F023 = {
						CreatedOnToolsVersion = 9.2;
						ProvisioningStyle = Automatic;
					};
					28AB9A6D20854CC400F8F023 = {
						CreatedOnToolsVersion = 9.2;
						ProvisioningStyle = Automatic;
						TestTargetID = 28AB9A5920854CC400F8F023;
					};
					28AB9A7820854CC400F8F023 = {
						CreatedOnToolsVersion = 9.2;
						ProvisioningStyle = Automatic;
						TestTargetID = 28AB9A5920854CC400F8F023;
					};
				};
			};
			buildConfigurationList = 28AB9A5520854CC400F8F023 /* Build configuration list for PBXProject "RottenProfessors" */;
			compatibilityVersion = "Xcode 8.0";
			developmentRegion = en;
			hasScannedForEncodings = 0;
			knownRegions = (
				en,
				Base,
			);
			mainGroup = 28AB9A5120854CC400F8F023;
			productRefGroup = 28AB9A5B20854CC400F8F023 /* Products */;
			projectDirPath = "";
			projectRoot = "";
			targets = (
				28AB9A5920854CC400F8F023 /* RottenProfessors */,
				28AB9A6D20854CC400F8F023 /* RottenProfessorsTests */,
				28AB9A7820854CC400F8F023 /* RottenProfessorsUITests */,
			);
		};
/* End PBXProject section */

/* Begin PBXResourcesBuildPhase section */
		28AB9A5820854CC400F8F023 /* Resources */ = {
			isa = PBXResourcesBuildPhase;
			buildActionMask = 2147483647;
			files = (
				28AB9A6820854CC400F8F023 /* LaunchScreen.storyboard in Resources */,
				C4BF78272091760F00D210C2 /* GoogleService-Info.plist in Resources */,
				28AB9A6520854CC400F8F023 /* Assets.xcassets in Resources */,
				28AB9A6320854CC400F8F023 /* Main.storyboard in Resources */,
			);
			runOnlyForDeploymentPostprocessing = 0;
		};
		28AB9A6C20854CC400F8F023 /* Resources */ = {
			isa = PBXResourcesBuildPhase;
			buildActionMask = 2147483647;
			files = (
			);
			runOnlyForDeploymentPostprocessing = 0;
		};
		28AB9A7720854CC400F8F023 /* Resources */ = {
			isa = PBXResourcesBuildPhase;
			buildActionMask = 2147483647;
			files = (
			);
			runOnlyForDeploymentPostprocessing = 0;
		};
/* End PBXResourcesBuildPhase section */

/* Begin PBXShellScriptBuildPhase section */
		0BC0CCAC7CBCC9351995E881 /* [CP] Check Pods Manifest.lock */ = {
			isa = PBXShellScriptBuildPhase;
			buildActionMask = 2147483647;
			files = (
			);
			inputPaths = (
				"${PODS_PODFILE_DIR_PATH}/Podfile.lock",
				"${PODS_ROOT}/Manifest.lock",
			);
			name = "[CP] Check Pods Manifest.lock";
			outputPaths = (
				"$(DERIVED_FILE_DIR)/Pods-RottenProfessors-checkManifestLockResult.txt",
			);
			runOnlyForDeploymentPostprocessing = 0;
			shellPath = /bin/sh;
			shellScript = "diff \"${PODS_PODFILE_DIR_PATH}/Podfile.lock\" \"${PODS_ROOT}/Manifest.lock\" > /dev/null\nif [ $? != 0 ] ; then\n    # print error to STDERR\n    echo \"error: The sandbox is not in sync with the Podfile.lock. Run 'pod install' or update your CocoaPods installation.\" >&2\n    exit 1\nfi\n# This output is used by Xcode 'outputs' to avoid re-running this script phase.\necho \"SUCCESS\" > \"${SCRIPT_OUTPUT_FILE_0}\"\n";
			showEnvVarsInLog = 0;
		};
		37AFD4D6537FE0118BBDB422 /* [CP] Check Pods Manifest.lock */ = {
			isa = PBXShellScriptBuildPhase;
			buildActionMask = 2147483647;
			files = (
			);
			inputPaths = (
				"${PODS_PODFILE_DIR_PATH}/Podfile.lock",
				"${PODS_ROOT}/Manifest.lock",
			);
			name = "[CP] Check Pods Manifest.lock";
			outputPaths = (
				"$(DERIVED_FILE_DIR)/Pods-RottenProfessorsUITests-checkManifestLockResult.txt",
			);
			runOnlyForDeploymentPostprocessing = 0;
			shellPath = /bin/sh;
			shellScript = "diff \"${PODS_PODFILE_DIR_PATH}/Podfile.lock\" \"${PODS_ROOT}/Manifest.lock\" > /dev/null\nif [ $? != 0 ] ; then\n    # print error to STDERR\n    echo \"error: The sandbox is not in sync with the Podfile.lock. Run 'pod install' or update your CocoaPods installation.\" >&2\n    exit 1\nfi\n# This output is used by Xcode 'outputs' to avoid re-running this script phase.\necho \"SUCCESS\" > \"${SCRIPT_OUTPUT_FILE_0}\"\n";
			showEnvVarsInLog = 0;
		};
		EFDA58876D8376F61CC2A403 /* [CP] Check Pods Manifest.lock */ = {
			isa = PBXShellScriptBuildPhase;
			buildActionMask = 2147483647;
			files = (
			);
			inputPaths = (
				"${PODS_PODFILE_DIR_PATH}/Podfile.lock",
				"${PODS_ROOT}/Manifest.lock",
			);
			name = "[CP] Check Pods Manifest.lock";
			outputPaths = (
				"$(DERIVED_FILE_DIR)/Pods-RottenProfessorsTests-checkManifestLockResult.txt",
			);
			runOnlyForDeploymentPostprocessing = 0;
			shellPath = /bin/sh;
			shellScript = "diff \"${PODS_PODFILE_DIR_PATH}/Podfile.lock\" \"${PODS_ROOT}/Manifest.lock\" > /dev/null\nif [ $? != 0 ] ; then\n    # print error to STDERR\n    echo \"error: The sandbox is not in sync with the Podfile.lock. Run 'pod install' or update your CocoaPods installation.\" >&2\n    exit 1\nfi\n# This output is used by Xcode 'outputs' to avoid re-running this script phase.\necho \"SUCCESS\" > \"${SCRIPT_OUTPUT_FILE_0}\"\n";
			showEnvVarsInLog = 0;
		};
		FBDF240CEC2284C3DAAA9DE5 /* [CP] Embed Pods Frameworks */ = {
			isa = PBXShellScriptBuildPhase;
			buildActionMask = 2147483647;
			files = (
			);
			inputPaths = (
				"${SRCROOT}/Pods/Target Support Files/Pods-RottenProfessors/Pods-RottenProfessors-frameworks.sh",
				"${BUILT_PRODUCTS_DIR}/GTMSessionFetcher/GTMSessionFetcher.framework",
				"${BUILT_PRODUCTS_DIR}/GoogleToolboxForMac/GoogleToolboxForMac.framework",
				"${BUILT_PRODUCTS_DIR}/MBProgressHUD/MBProgressHUD.framework",
				"${BUILT_PRODUCTS_DIR}/SDWebImage/SDWebImage.framework",
				"${BUILT_PRODUCTS_DIR}/leveldb-library/leveldb.framework",
				"${BUILT_PRODUCTS_DIR}/nanopb/nanopb.framework",
			);
			name = "[CP] Embed Pods Frameworks";
			outputPaths = (
				"${TARGET_BUILD_DIR}/${FRAMEWORKS_FOLDER_PATH}/GTMSessionFetcher.framework",
				"${TARGET_BUILD_DIR}/${FRAMEWORKS_FOLDER_PATH}/GoogleToolboxForMac.framework",
				"${TARGET_BUILD_DIR}/${FRAMEWORKS_FOLDER_PATH}/MBProgressHUD.framework",
				"${TARGET_BUILD_DIR}/${FRAMEWORKS_FOLDER_PATH}/SDWebImage.framework",
				"${TARGET_BUILD_DIR}/${FRAMEWORKS_FOLDER_PATH}/leveldb.framework",
				"${TARGET_BUILD_DIR}/${FRAMEWORKS_FOLDER_PATH}/nanopb.framework",
			);
			runOnlyForDeploymentPostprocessing = 0;
			shellPath = /bin/sh;
			shellScript = "\"${SRCROOT}/Pods/Target Support Files/Pods-RottenProfessors/Pods-RottenProfessors-frameworks.sh\"\n";
			showEnvVarsInLog = 0;
		};
/* End PBXShellScriptBuildPhase section */

/* Begin PBXSourcesBuildPhase section */
		28AB9A5620854CC400F8F023 /* Sources */ = {
			isa = PBXSourcesBuildPhase;
			buildActionMask = 2147483647;
			files = (
				C483A2C32087EDE300B9CB6A /* Constants.swift in Sources */,
				28AB9A6020854CC400F8F023 /* ViewController.swift in Sources */,
				28AB9A5E20854CC400F8F023 /* AppDelegate.swift in Sources */,
				C483A2C12087EBE100B9CB6A /* SignUpViewController.swift in Sources */,
				C450BAF920882F8600AB2B30 /* DisplayProfessorsViewController.swift in Sources */,
				C4659F3D20955BD9001F6BFE /* WriteReviewViewController.swift in Sources */,
				C442E8AC209831350017E311 /* ReviewTableViewCell.swift in Sources */,
				C483A2C52088228A00B9CB6A /* DisplayRatingsViewController.swift in Sources */,
				C442E8AA209830270017E311 /* ViewReviewViewController.swift in Sources */,
				C483A2BF2087EB5700B9CB6A /* LogInViewController.swift in Sources */,
				C450BAFB2088321400AB2B30 /* DisplayProfessorsCollectionViewCell.swift in Sources */,
			);
			runOnlyForDeploymentPostprocessing = 0;
		};
		28AB9A6A20854CC400F8F023 /* Sources */ = {
			isa = PBXSourcesBuildPhase;
			buildActionMask = 2147483647;
			files = (
				28AB9A7320854CC400F8F023 /* RottenProfessorsTests.swift in Sources */,
			);
			runOnlyForDeploymentPostprocessing = 0;
		};
		28AB9A7520854CC400F8F023 /* Sources */ = {
			isa = PBXSourcesBuildPhase;
			buildActionMask = 2147483647;
			files = (
				28AB9A7E20854CC400F8F023 /* RottenProfessorsUITests.swift in Sources */,
			);
			runOnlyForDeploymentPostprocessing = 0;
		};
/* End PBXSourcesBuildPhase section */

/* Begin PBXTargetDependency section */
		28AB9A7020854CC400F8F023 /* PBXTargetDependency */ = {
			isa = PBXTargetDependency;
			target = 28AB9A5920854CC400F8F023 /* RottenProfessors */;
			targetProxy = 28AB9A6F20854CC400F8F023 /* PBXContainerItemProxy */;
		};
		28AB9A7B20854CC400F8F023 /* PBXTargetDependency */ = {
			isa = PBXTargetDependency;
			target = 28AB9A5920854CC400F8F023 /* RottenProfessors */;
			targetProxy = 28AB9A7A20854CC400F8F023 /* PBXContainerItemProxy */;
		};
/* End PBXTargetDependency section */

/* Begin PBXVariantGroup section */
		28AB9A6120854CC400F8F023 /* Main.storyboard */ = {
			isa = PBXVariantGroup;
			children = (
				28AB9A6220854CC400F8F023 /* Base */,
			);
			name = Main.storyboard;
			sourceTree = "<group>";
		};
		28AB9A6620854CC400F8F023 /* LaunchScreen.storyboard */ = {
			isa = PBXVariantGroup;
			children = (
				28AB9A6720854CC400F8F023 /* Base */,
			);
			name = LaunchScreen.storyboard;
			sourceTree = "<group>";
		};
/* End PBXVariantGroup section */

/* Begin XCBuildConfiguration section */
		28AB9A8020854CC400F8F023 /* Debug */ = {
			isa = XCBuildConfiguration;
			buildSettings = {
				ALWAYS_SEARCH_USER_PATHS = NO;
				CLANG_ANALYZER_NONNULL = YES;
				CLANG_ANALYZER_NUMBER_OBJECT_CONVERSION = YES_AGGRESSIVE;
				CLANG_CXX_LANGUAGE_STANDARD = "gnu++14";
				CLANG_CXX_LIBRARY = "libc++";
				CLANG_ENABLE_MODULES = YES;
				CLANG_ENABLE_OBJC_ARC = YES;
				CLANG_WARN_BLOCK_CAPTURE_AUTORELEASING = YES;
				CLANG_WARN_BOOL_CONVERSION = YES;
				CLANG_WARN_COMMA = YES;
				CLANG_WARN_CONSTANT_CONVERSION = YES;
				CLANG_WARN_DIRECT_OBJC_ISA_USAGE = YES_ERROR;
				CLANG_WARN_DOCUMENTATION_COMMENTS = YES;
				CLANG_WARN_EMPTY_BODY = YES;
				CLANG_WARN_ENUM_CONVERSION = YES;
				CLANG_WARN_INFINITE_RECURSION = YES;
				CLANG_WARN_INT_CONVERSION = YES;
				CLANG_WARN_NON_LITERAL_NULL_CONVERSION = YES;
				CLANG_WARN_OBJC_LITERAL_CONVERSION = YES;
				CLANG_WARN_OBJC_ROOT_CLASS = YES_ERROR;
				CLANG_WARN_RANGE_LOOP_ANALYSIS = YES;
				CLANG_WARN_STRICT_PROTOTYPES = YES;
				CLANG_WARN_SUSPICIOUS_MOVE = YES;
				CLANG_WARN_UNGUARDED_AVAILABILITY = YES_AGGRESSIVE;
				CLANG_WARN_UNREACHABLE_CODE = YES;
				CLANG_WARN__DUPLICATE_METHOD_MATCH = YES;
				CODE_SIGN_IDENTITY = "iPhone Developer";
				COPY_PHASE_STRIP = NO;
				DEBUG_INFORMATION_FORMAT = dwarf;
				ENABLE_STRICT_OBJC_MSGSEND = YES;
				ENABLE_TESTABILITY = YES;
				GCC_C_LANGUAGE_STANDARD = gnu11;
				GCC_DYNAMIC_NO_PIC = NO;
				GCC_NO_COMMON_BLOCKS = YES;
				GCC_OPTIMIZATION_LEVEL = 0;
				GCC_PREPROCESSOR_DEFINITIONS = (
					"DEBUG=1",
					"$(inherited)",
				);
				GCC_WARN_64_TO_32_BIT_CONVERSION = YES;
				GCC_WARN_ABOUT_RETURN_TYPE = YES_ERROR;
				GCC_WARN_UNDECLARED_SELECTOR = YES;
				GCC_WARN_UNINITIALIZED_AUTOS = YES_AGGRESSIVE;
				GCC_WARN_UNUSED_FUNCTION = YES;
				GCC_WARN_UNUSED_VARIABLE = YES;
				IPHONEOS_DEPLOYMENT_TARGET = 11.2;
				MTL_ENABLE_DEBUG_INFO = YES;
				ONLY_ACTIVE_ARCH = YES;
				SDKROOT = iphoneos;
				SWIFT_ACTIVE_COMPILATION_CONDITIONS = DEBUG;
				SWIFT_OPTIMIZATION_LEVEL = "-Onone";
			};
			name = Debug;
		};
		28AB9A8120854CC400F8F023 /* Release */ = {
			isa = XCBuildConfiguration;
			buildSettings = {
				ALWAYS_SEARCH_USER_PATHS = NO;
				CLANG_ANALYZER_NONNULL = YES;
				CLANG_ANALYZER_NUMBER_OBJECT_CONVERSION = YES_AGGRESSIVE;
				CLANG_CXX_LANGUAGE_STANDARD = "gnu++14";
				CLANG_CXX_LIBRARY = "libc++";
				CLANG_ENABLE_MODULES = YES;
				CLANG_ENABLE_OBJC_ARC = YES;
				CLANG_WARN_BLOCK_CAPTURE_AUTORELEASING = YES;
				CLANG_WARN_BOOL_CONVERSION = YES;
				CLANG_WARN_COMMA = YES;
				CLANG_WARN_CONSTANT_CONVERSION = YES;
				CLANG_WARN_DIRECT_OBJC_ISA_USAGE = YES_ERROR;
				CLANG_WARN_DOCUMENTATION_COMMENTS = YES;
				CLANG_WARN_EMPTY_BODY = YES;
				CLANG_WARN_ENUM_CONVERSION = YES;
				CLANG_WARN_INFINITE_RECURSION = YES;
				CLANG_WARN_INT_CONVERSION = YES;
				CLANG_WARN_NON_LITERAL_NULL_CONVERSION = YES;
				CLANG_WARN_OBJC_LITERAL_CONVERSION = YES;
				CLANG_WARN_OBJC_ROOT_CLASS = YES_ERROR;
				CLANG_WARN_RANGE_LOOP_ANALYSIS = YES;
				CLANG_WARN_STRICT_PROTOTYPES = YES;
				CLANG_WARN_SUSPICIOUS_MOVE = YES;
				CLANG_WARN_UNGUARDED_AVAILABILITY = YES_AGGRESSIVE;
				CLANG_WARN_UNREACHABLE_CODE = YES;
				CLANG_WARN__DUPLICATE_METHOD_MATCH = YES;
				CODE_SIGN_IDENTITY = "iPhone Developer";
				COPY_PHASE_STRIP = NO;
				DEBUG_INFORMATION_FORMAT = "dwarf-with-dsym";
				ENABLE_NS_ASSERTIONS = NO;
				ENABLE_STRICT_OBJC_MSGSEND = YES;
				GCC_C_LANGUAGE_STANDARD = gnu11;
				GCC_NO_COMMON_BLOCKS = YES;
				GCC_WARN_64_TO_32_BIT_CONVERSION = YES;
				GCC_WARN_ABOUT_RETURN_TYPE = YES_ERROR;
				GCC_WARN_UNDECLARED_SELECTOR = YES;
				GCC_WARN_UNINITIALIZED_AUTOS = YES_AGGRESSIVE;
				GCC_WARN_UNUSED_FUNCTION = YES;
				GCC_WARN_UNUSED_VARIABLE = YES;
				IPHONEOS_DEPLOYMENT_TARGET = 11.2;
				MTL_ENABLE_DEBUG_INFO = NO;
				SDKROOT = iphoneos;
				SWIFT_OPTIMIZATION_LEVEL = "-Owholemodule";
				VALIDATE_PRODUCT = YES;
			};
			name = Release;
		};
		28AB9A8320854CC400F8F023 /* Debug */ = {
			isa = XCBuildConfiguration;
			baseConfigurationReference = CF92F493D3A8BD16DEE3B7EE /* Pods-RottenProfessors.debug.xcconfig */;
			buildSettings = {
				ASSETCATALOG_COMPILER_APPICON_NAME = AppIcon;
				CODE_SIGN_STYLE = Automatic;
				DEVELOPMENT_TEAM = 2C47SLMNSD;
				INFOPLIST_FILE = RottenProfessors/Info.plist;
				LD_RUNPATH_SEARCH_PATHS = "$(inherited) @executable_path/Frameworks";
				PRODUCT_BUNDLE_IDENTIFIER = com.JJ.RottenProfessors;
				PRODUCT_NAME = "$(TARGET_NAME)";
				SWIFT_VERSION = 4.0;
				TARGETED_DEVICE_FAMILY = "1,2";
			};
			name = Debug;
		};
		28AB9A8420854CC400F8F023 /* Release */ = {
			isa = XCBuildConfiguration;
			baseConfigurationReference = 6D7A20A65F1FF423FB7F6894 /* Pods-RottenProfessors.release.xcconfig */;
			buildSettings = {
				ASSETCATALOG_COMPILER_APPICON_NAME = AppIcon;
				CODE_SIGN_STYLE = Automatic;
				DEVELOPMENT_TEAM = 2C47SLMNSD;
				INFOPLIST_FILE = RottenProfessors/Info.plist;
				LD_RUNPATH_SEARCH_PATHS = "$(inherited) @executable_path/Frameworks";
				PRODUCT_BUNDLE_IDENTIFIER = com.JJ.RottenProfessors;
				PRODUCT_NAME = "$(TARGET_NAME)";
				SWIFT_VERSION = 4.0;
				TARGETED_DEVICE_FAMILY = "1,2";
			};
			name = Release;
		};
		28AB9A8620854CC400F8F023 /* Debug */ = {
			isa = XCBuildConfiguration;
			baseConfigurationReference = 1A58268449098DE155682206 /* Pods-RottenProfessorsTests.debug.xcconfig */;
			buildSettings = {
				ALWAYS_EMBED_SWIFT_STANDARD_LIBRARIES = YES;
				BUNDLE_LOADER = "$(TEST_HOST)";
				CODE_SIGN_STYLE = Automatic;
				INFOPLIST_FILE = RottenProfessorsTests/Info.plist;
				LD_RUNPATH_SEARCH_PATHS = "$(inherited) @executable_path/Frameworks @loader_path/Frameworks";
				PRODUCT_BUNDLE_IDENTIFIER = com.myname.RottenProfessorsTests;
				PRODUCT_NAME = "$(TARGET_NAME)";
				SWIFT_VERSION = 4.0;
				TARGETED_DEVICE_FAMILY = "1,2";
				TEST_HOST = "$(BUILT_PRODUCTS_DIR)/RottenProfessors.app/RottenProfessors";
			};
			name = Debug;
		};
		28AB9A8720854CC400F8F023 /* Release */ = {
			isa = XCBuildConfiguration;
			baseConfigurationReference = 614D14A2279C6901D0B76E6D /* Pods-RottenProfessorsTests.release.xcconfig */;
			buildSettings = {
				ALWAYS_EMBED_SWIFT_STANDARD_LIBRARIES = YES;
				BUNDLE_LOADER = "$(TEST_HOST)";
				CODE_SIGN_STYLE = Automatic;
				INFOPLIST_FILE = RottenProfessorsTests/Info.plist;
				LD_RUNPATH_SEARCH_PATHS = "$(inherited) @executable_path/Frameworks @loader_path/Frameworks";
				PRODUCT_BUNDLE_IDENTIFIER = com.myname.RottenProfessorsTests;
				PRODUCT_NAME = "$(TARGET_NAME)";
				SWIFT_VERSION = 4.0;
				TARGETED_DEVICE_FAMILY = "1,2";
				TEST_HOST = "$(BUILT_PRODUCTS_DIR)/RottenProfessors.app/RottenProfessors";
			};
			name = Release;
		};
		28AB9A8920854CC400F8F023 /* Debug */ = {
			isa = XCBuildConfiguration;
			baseConfigurationReference = 6812152A057BFBCCB787DA8F /* Pods-RottenProfessorsUITests.debug.xcconfig */;
			buildSettings = {
				ALWAYS_EMBED_SWIFT_STANDARD_LIBRARIES = YES;
				CODE_SIGN_STYLE = Automatic;
				INFOPLIST_FILE = RottenProfessorsUITests/Info.plist;
				LD_RUNPATH_SEARCH_PATHS = "$(inherited) @executable_path/Frameworks @loader_path/Frameworks";
				PRODUCT_BUNDLE_IDENTIFIER = com.myname.RottenProfessorsUITests;
				PRODUCT_NAME = "$(TARGET_NAME)";
				SWIFT_VERSION = 4.0;
				TARGETED_DEVICE_FAMILY = "1,2";
				TEST_TARGET_NAME = RottenProfessors;
			};
			name = Debug;
		};
		28AB9A8A20854CC400F8F023 /* Release */ = {
			isa = XCBuildConfiguration;
			baseConfigurationReference = D228854DDC033993AF8A9567 /* Pods-RottenProfessorsUITests.release.xcconfig */;
			buildSettings = {
				ALWAYS_EMBED_SWIFT_STANDARD_LIBRARIES = YES;
				CODE_SIGN_STYLE = Automatic;
				INFOPLIST_FILE = RottenProfessorsUITests/Info.plist;
				LD_RUNPATH_SEARCH_PATHS = "$(inherited) @executable_path/Frameworks @loader_path/Frameworks";
				PRODUCT_BUNDLE_IDENTIFIER = com.myname.RottenProfessorsUITests;
				PRODUCT_NAME = "$(TARGET_NAME)";
				SWIFT_VERSION = 4.0;
				TARGETED_DEVICE_FAMILY = "1,2";
				TEST_TARGET_NAME = RottenProfessors;
			};
			name = Release;
		};
/* End XCBuildConfiguration section */

/* Begin XCConfigurationList section */
		28AB9A5520854CC400F8F023 /* Build configuration list for PBXProject "RottenProfessors" */ = {
			isa = XCConfigurationList;
			buildConfigurations = (
				28AB9A8020854CC400F8F023 /* Debug */,
				28AB9A8120854CC400F8F023 /* Release */,
			);
			defaultConfigurationIsVisible = 0;
			defaultConfigurationName = Release;
		};
		28AB9A8220854CC400F8F023 /* Build configuration list for PBXNativeTarget "RottenProfessors" */ = {
			isa = XCConfigurationList;
			buildConfigurations = (
				28AB9A8320854CC400F8F023 /* Debug */,
				28AB9A8420854CC400F8F023 /* Release */,
			);
			defaultConfigurationIsVisible = 0;
			defaultConfigurationName = Release;
		};
		28AB9A8520854CC400F8F023 /* Build configuration list for PBXNativeTarget "RottenProfessorsTests" */ = {
			isa = XCConfigurationList;
			buildConfigurations = (
				28AB9A8620854CC400F8F023 /* Debug */,
				28AB9A8720854CC400F8F023 /* Release */,
			);
			defaultConfigurationIsVisible = 0;
			defaultConfigurationName = Release;
		};
		28AB9A8820854CC400F8F023 /* Build configuration list for PBXNativeTarget "RottenProfessorsUITests" */ = {
			isa = XCConfigurationList;
			buildConfigurations = (
				28AB9A8920854CC400F8F023 /* Debug */,
				28AB9A8A20854CC400F8F023 /* Release */,
			);
			defaultConfigurationIsVisible = 0;
			defaultConfigurationName = Release;
		};
/* End XCConfigurationList section */
	};
	rootObject = 28AB9A5220854CC400F8F023 /* Project object */;
}
